PODS:
  - Flutter (1.0.0)
  - flutter_ccpp (0.0.1):
    - Flutter

DEPENDENCIES:
  - Flutter (from `Flutter`)
  - flutter_ccpp (from `.symlinks/plugins/flutter_ccpp/ios`)

EXTERNAL SOURCES:
  Flutter:
    :path: Flutter
  flutter_ccpp:
    :path: ".symlinks/plugins/flutter_ccpp/ios"

SPEC CHECKSUMS:
  Flutter: 434fef37c0980e73bb6479ef766c45957d4b510c
  flutter_ccpp: 98c17f555f27cc3aff04debf237dde3e6aa95270

PODFILE CHECKSUM: aafe91acc616949ddb318b77800a7f51bffa2a4c

COCOAPODS: 1.10.1
